
Microsoft Visual Studio Solution File, Format Version 12.00
# Visual Studio Version 16
VisualStudioVersion = 16.0.29102.190
MinimumVisualStudioVersion = 10.0.40219.1
Project("{FAE04EC0-301F-11D3-BF4B-00C04F79EFBC}") = "Pzem004t", "Pzem004t\Pzem004t.csproj", "{83C2D862-EFE7-4039-8FE3-EFF200C666FE}"
EndProject
Global
	GlobalSection(SolutionConfigurationPlatforms) = preSolution
		Debug|Any CPU = Debug|Any CPU
		Release|Any CPU = Release|Any CPU
	EndGlobalSection
	GlobalSection(ProjectConfigurationPlatforms) = postSolution
		{83C2D862-EFE7-4039-8FE3-EFF200C666FE}.Debug|Any CPU.ActiveCfg = Debug|Any CPU
		{83C2D862-EFE7-4039-8FE3-EFF200C666FE}.Debug|Any CPU.Build.0 = Debug|Any CPU
		{83C2D862-EFE7-4039-8FE3-EFF200C666FE}.Release|Any CPU.ActiveCfg = Release|Any CPU
		{83C2D862-EFE7-4039-8FE3-EFF200C666FE}.Release|Any CPU.Build.0 = Release|Any CPU
	EndGlobalSection
	GlobalSection(SolutionProperties) = preSolution
		HideSolutionNode = FALSE
	EndGlobalSection
	GlobalSection(ExtensibilityGlobals) = postSolution
		SolutionGuid = {0E8E3D20-26D9-4FDB-BA47-6EEA794C82EF}
	EndGlobalSection
EndGlobal
